
Microsoft Visual Studio Solution File, Format Version 12.00
# Visual Studio Version 16
VisualStudioVersion = 16.0.28917.182
MinimumVisualStudioVersion = 10.0.40219.1
Project("{FAE04EC0-301F-11D3-BF4B-00C04F79EFBC}") = "Panacea.Modules.AtscMediaPlayer", "Panacea.Modules.AtscMediaPlayer\Panacea.Modules.AtscMediaPlayer.csproj", "{57966AC5-3A26-4EAA-BF78-85A1776B4D8D}"
EndProject
Global
	GlobalSection(SolutionConfigurationPlatforms) = preSolution
		Debug|Any CPU = Debug|Any CPU
		Release|Any CPU = Release|Any CPU
	EndGlobalSection
	GlobalSection(ProjectConfigurationPlatforms) = postSolution
		{57966AC5-3A26-4EAA-BF78-85A1776B4D8D}.Debug|Any CPU.ActiveCfg = Debug|Any CPU
		{57966AC5-3A26-4EAA-BF78-85A1776B4D8D}.Debug|Any CPU.Build.0 = Debug|Any CPU
		{57966AC5-3A26-4EAA-BF78-85A1776B4D8D}.Release|Any CPU.ActiveCfg = Release|Any CPU
		{57966AC5-3A26-4EAA-BF78-85A1776B4D8D}.Release|Any CPU.Build.0 = Release|Any CPU
	EndGlobalSection
	GlobalSection(SolutionProperties) = preSolution
		HideSolutionNode = FALSE
	EndGlobalSection
	GlobalSection(ExtensibilityGlobals) = postSolution
		SolutionGuid = {8D2F4C51-D344-4448-8F80-73416D7A6A27}
	EndGlobalSection
EndGlobal
